
Microsoft Visual Studio Solution File, Format Version 12.00
# Visual Studio Version 17
VisualStudioVersion = 17.8.34408.163
MinimumVisualStudioVersion = 10.0.40219.1
Project("{9A19103F-16F7-4668-BE54-9A1E7A4F7556}") = "HMA.Backend.API", "HMA.Backend.API.csproj", "{C5BDB15A-2C21-404A-9145-CABB79DDA503}"
EndProject
Project("{FAE04EC0-301F-11D3-BF4B-00C04F79EFBC}") = "HMA.Backend.Core", "..\HMA.Backend.Core\HMA.Backend.Core.csproj", "{4CC5C99A-174E-4F27-802F-BBE981EF2A47}"
EndProject
Global
	GlobalSection(SolutionConfigurationPlatforms) = preSolution
		Debug|Any CPU = Debug|Any CPU
		Release|Any CPU = Release|Any CPU
	EndGlobalSection
	GlobalSection(ProjectConfigurationPlatforms) = postSolution
		{C5BDB15A-2C21-404A-9145-CABB79DDA503}.Debug|Any CPU.ActiveCfg = Debug|Any CPU
		{C5BDB15A-2C21-404A-9145-CABB79DDA503}.Debug|Any CPU.Build.0 = Debug|Any CPU
		{C5BDB15A-2C21-404A-9145-CABB79DDA503}.Release|Any CPU.ActiveCfg = Release|Any CPU
		{C5BDB15A-2C21-404A-9145-CABB79DDA503}.Release|Any CPU.Build.0 = Release|Any CPU
		{4CC5C99A-174E-4F27-802F-BBE981EF2A47}.Debug|Any CPU.ActiveCfg = Debug|Any CPU
		{4CC5C99A-174E-4F27-802F-BBE981EF2A47}.Debug|Any CPU.Build.0 = Debug|Any CPU
		{4CC5C99A-174E-4F27-802F-BBE981EF2A47}.Release|Any CPU.ActiveCfg = Release|Any CPU
		{4CC5C99A-174E-4F27-802F-BBE981EF2A47}.Release|Any CPU.Build.0 = Release|Any CPU
	EndGlobalSection
	GlobalSection(SolutionProperties) = preSolution
		HideSolutionNode = FALSE
	EndGlobalSection
	GlobalSection(ExtensibilityGlobals) = postSolution
		SolutionGuid = {E79D5B88-421B-4B39-8FA1-D3BD2CD418B0}
	EndGlobalSection
EndGlobal
