
Microsoft Visual Studio Solution File, Format Version 12.00
# Visual Studio Version 17
VisualStudioVersion = 17.8.34408.163
MinimumVisualStudioVersion = 10.0.40219.1
Project("{2150E333-8FDC-42A3-9474-1A3956D46DE8}") = "src", "src", "{9F8914FF-2EDD-479E-B155-AF4AE96B4F3A}"
EndProject
Project("{2150E333-8FDC-42A3-9474-1A3956D46DE8}") = "test", "test", "{310DF282-5A9B-46CB-9543-A9178B670888}"
EndProject
Project("{9A19103F-16F7-4668-BE54-9A1E7A4F7556}") = "HMA.Backend.API", "HMA.Backend.API.csproj", "{70C781F7-DD23-4132-B088-B4835EAB2FB5}"
EndProject
Project("{9A19103F-16F7-4668-BE54-9A1E7A4F7556}") = "HMA.Backend.Core", "..\HMA.Backend.Core\HMA.Backend.Core.csproj", "{CCBF6ECE-94A5-4AD5-A42C-79218CFA84CA}"
EndProject
Global
	GlobalSection(SolutionConfigurationPlatforms) = preSolution
		Debug|Any CPU = Debug|Any CPU
		Release|Any CPU = Release|Any CPU
	EndGlobalSection
	GlobalSection(ProjectConfigurationPlatforms) = postSolution
		{70C781F7-DD23-4132-B088-B4835EAB2FB5}.Debug|Any CPU.ActiveCfg = Debug|Any CPU
		{70C781F7-DD23-4132-B088-B4835EAB2FB5}.Debug|Any CPU.Build.0 = Debug|Any CPU
		{70C781F7-DD23-4132-B088-B4835EAB2FB5}.Release|Any CPU.ActiveCfg = Release|Any CPU
		{70C781F7-DD23-4132-B088-B4835EAB2FB5}.Release|Any CPU.Build.0 = Release|Any CPU
		{CCBF6ECE-94A5-4AD5-A42C-79218CFA84CA}.Debug|Any CPU.ActiveCfg = Debug|Any CPU
		{CCBF6ECE-94A5-4AD5-A42C-79218CFA84CA}.Debug|Any CPU.Build.0 = Debug|Any CPU
		{CCBF6ECE-94A5-4AD5-A42C-79218CFA84CA}.Release|Any CPU.ActiveCfg = Release|Any CPU
		{CCBF6ECE-94A5-4AD5-A42C-79218CFA84CA}.Release|Any CPU.Build.0 = Release|Any CPU
	EndGlobalSection
	GlobalSection(SolutionProperties) = preSolution
		HideSolutionNode = FALSE
	EndGlobalSection
	GlobalSection(NestedProjects) = preSolution
		{70C781F7-DD23-4132-B088-B4835EAB2FB5} = {9F8914FF-2EDD-479E-B155-AF4AE96B4F3A}
		{CCBF6ECE-94A5-4AD5-A42C-79218CFA84CA} = {9F8914FF-2EDD-479E-B155-AF4AE96B4F3A}
	EndGlobalSection
	GlobalSection(ExtensibilityGlobals) = postSolution
		SolutionGuid = {E79D5B88-421B-4B39-8FA1-D3BD2CD418B0}
	EndGlobalSection
EndGlobal
